
Microsoft Visual Studio Solution File, Format Version 12.00
# Visual Studio Version 17
VisualStudioVersion = 17.1.32414.318
MinimumVisualStudioVersion = 10.0.40219.1
Project("{9A19103F-16F7-4668-BE54-9A1E7A4F7556}") = "DependencyGrabber", "DependencyGrabber.csproj", "{7A759CC8-66FD-484C-9EE8-594AD5695918}"
EndProject
Project("{9A19103F-16F7-4668-BE54-9A1E7A4F7556}") = "NetStandardLib", "NetStandardLib\NetStandardLib.csproj", "{E3FE4430-DE13-47D2-9ABE-A59E3422282F}"
EndProject
Global
	GlobalSection(SolutionConfigurationPlatforms) = preSolution
		Debug|Any CPU = Debug|Any CPU
		Release|Any CPU = Release|Any CPU
	EndGlobalSection
	GlobalSection(ProjectConfigurationPlatforms) = postSolution
		{7A759CC8-66FD-484C-9EE8-594AD5695918}.Debug|Any CPU.ActiveCfg = Debug|Any CPU
		{7A759CC8-66FD-484C-9EE8-594AD5695918}.Debug|Any CPU.Build.0 = Debug|Any CPU
		{7A759CC8-66FD-484C-9EE8-594AD5695918}.Release|Any CPU.ActiveCfg = Release|Any CPU
		{7A759CC8-66FD-484C-9EE8-594AD5695918}.Release|Any CPU.Build.0 = Release|Any CPU
		{E3FE4430-DE13-47D2-9ABE-A59E3422282F}.Debug|Any CPU.ActiveCfg = Debug|Any CPU
		{E3FE4430-DE13-47D2-9ABE-A59E3422282F}.Debug|Any CPU.Build.0 = Debug|Any CPU
		{E3FE4430-DE13-47D2-9ABE-A59E3422282F}.Release|Any CPU.ActiveCfg = Release|Any CPU
		{E3FE4430-DE13-47D2-9ABE-A59E3422282F}.Release|Any CPU.Build.0 = Release|Any CPU
	EndGlobalSection
	GlobalSection(SolutionProperties) = preSolution
		HideSolutionNode = FALSE
	EndGlobalSection
	GlobalSection(ExtensibilityGlobals) = postSolution
		SolutionGuid = {DA01C970-5EE4-4FDB-A20E-7AEE92A5F142}
	EndGlobalSection
EndGlobal
